
Microsoft Visual Studio Solution File, Format Version 12.00
# Visual Studio Version 17
VisualStudioVersion = 17.13.35931.197 d17.13
MinimumVisualStudioVersion = 10.0.40219.1
Project("{FAE04EC0-301F-11D3-BF4B-00C04F79EFBC}") = "TSVHatch_New", "TSVHatch_New.csproj", "{5320BD62-39A3-4D35-B4E4-9477C71A3761}"
EndProject
Global
	GlobalSection(SolutionConfigurationPlatforms) = preSolution
		Debug|Any CPU = Debug|Any CPU
		Release|Any CPU = Release|Any CPU
	EndGlobalSection
	GlobalSection(ProjectConfigurationPlatforms) = postSolution
		{5320BD62-39A3-4D35-B4E4-9477C71A3761}.Debug|Any CPU.ActiveCfg = Debug|Any CPU
		{5320BD62-39A3-4D35-B4E4-9477C71A3761}.Debug|Any CPU.Build.0 = Debug|Any CPU
		{5320BD62-39A3-4D35-B4E4-9477C71A3761}.Release|Any CPU.ActiveCfg = Release|Any CPU
		{5320BD62-39A3-4D35-B4E4-9477C71A3761}.Release|Any CPU.Build.0 = Release|Any CPU
	EndGlobalSection
	GlobalSection(SolutionProperties) = preSolution
		HideSolutionNode = FALSE
	EndGlobalSection
	GlobalSection(ExtensibilityGlobals) = postSolution
		SolutionGuid = {6600E529-1616-4006-BEB2-DFDA8BF98B71}
	EndGlobalSection
EndGlobal
